
Microsoft Visual Studio Solution File, Format Version 12.00
# Visual Studio Version 17
VisualStudioVersion = 17.6.33829.357
MinimumVisualStudioVersion = 10.0.40219.1
Project("{9A19103F-16F7-4668-BE54-9A1E7A4F7556}") = "Service_Portal", "SpecFlowProject1\Service_Portal.csproj", "{19B0F59C-362B-4F05-8EA7-2BEB4200313B}"
EndProject
Project("{FAE04EC0-301F-11D3-BF4B-00C04F79EFBC}") = "DataHub", "DataHub\DataHub.csproj", "{F354F2C4-4F6C-4E17-BD20-6DE381F7A7C2}"
EndProject
Global
	GlobalSection(SolutionConfigurationPlatforms) = preSolution
		Debug|Any CPU = Debug|Any CPU
		Release|Any CPU = Release|Any CPU
	EndGlobalSection
	GlobalSection(ProjectConfigurationPlatforms) = postSolution
		{19B0F59C-362B-4F05-8EA7-2BEB4200313B}.Debug|Any CPU.ActiveCfg = Debug|Any CPU
		{19B0F59C-362B-4F05-8EA7-2BEB4200313B}.Debug|Any CPU.Build.0 = Debug|Any CPU
		{19B0F59C-362B-4F05-8EA7-2BEB4200313B}.Release|Any CPU.ActiveCfg = Release|Any CPU
		{19B0F59C-362B-4F05-8EA7-2BEB4200313B}.Release|Any CPU.Build.0 = Release|Any CPU
		{F354F2C4-4F6C-4E17-BD20-6DE381F7A7C2}.Debug|Any CPU.ActiveCfg = Debug|Any CPU
		{F354F2C4-4F6C-4E17-BD20-6DE381F7A7C2}.Debug|Any CPU.Build.0 = Debug|Any CPU
		{F354F2C4-4F6C-4E17-BD20-6DE381F7A7C2}.Release|Any CPU.ActiveCfg = Release|Any CPU
		{F354F2C4-4F6C-4E17-BD20-6DE381F7A7C2}.Release|Any CPU.Build.0 = Release|Any CPU
	EndGlobalSection
	GlobalSection(SolutionProperties) = preSolution
		HideSolutionNode = FALSE
	EndGlobalSection
	GlobalSection(ExtensibilityGlobals) = postSolution
		SolutionGuid = {6F97A753-592C-4BCA-A6BA-89035DC13CE7}
	EndGlobalSection
EndGlobal
